// !$*UTF8*$!
{
	archiveVersion = 1;
	classes = {
	};
	objectVersion = 50;
	objects = {

/* Begin PBXBuildFile section */
		6940792321FDF59B00AF41BF /* roundedButton.swift in Sources */ = {isa = PBXBuildFile; fileRef = 6940792221FDF59B00AF41BF /* roundedButton.swift */; };
		6940792521FDF64700AF41BF /* howToSearchVC.swift in Sources */ = {isa = PBXBuildFile; fileRef = 6940792421FDF64700AF41BF /* howToSearchVC.swift */; };
		6940792721FDFCEC00AF41BF /* countetUsVC.swift in Sources */ = {isa = PBXBuildFile; fileRef = 6940792621FDFCEC00AF41BF /* countetUsVC.swift */; };
		6940792921FDFF8B00AF41BF /* API.swift in Sources */ = {isa = PBXBuildFile; fileRef = 6940792821FDFF8B00AF41BF /* API.swift */; };
		6940792B21FE03B900AF41BF /* sendMassageVC.swift in Sources */ = {isa = PBXBuildFile; fileRef = 6940792A21FE03B900AF41BF /* sendMassageVC.swift */; };
		6940792D21FE0BEE00AF41BF /* electrincVC.swift in Sources */ = {isa = PBXBuildFile; fileRef = 6940792C21FE0BEE00AF41BF /* electrincVC.swift */; };
		69633CDF21FDBB4E00C16A1A /* searchVC.swift in Sources */ = {isa = PBXBuildFile; fileRef = 69633CDE21FDBB4E00C16A1A /* searchVC.swift */; };
		69633CE121FDC10500C16A1A /* searchCell.swift in Sources */ = {isa = PBXBuildFile; fileRef = 69633CE021FDC10500C16A1A /* searchCell.swift */; };
		6994DFC021F748BE00AB5169 /* RoundImage.swift in Sources */ = {isa = PBXBuildFile; fileRef = 6994DFB721F748BC00AB5169 /* RoundImage.swift */; };
		6994DFC121F748BE00AB5169 /* CollectionView.swift in Sources */ = {isa = PBXBuildFile; fileRef = 6994DFB821F748BD00AB5169 /* CollectionView.swift */; };
		6994DFC321F748BE00AB5169 /* RoundeTextView.swift in Sources */ = {isa = PBXBuildFile; fileRef = 6994DFBA21F748BD00AB5169 /* RoundeTextView.swift */; };
		6994DFC521F748BE00AB5169 /* roundedview.swift in Sources */ = {isa = PBXBuildFile; fileRef = 6994DFBC21F748BD00AB5169 /* roundedview.swift */; };
		6994DFC721F748BE00AB5169 /* placeholderColor.swift in Sources */ = {isa = PBXBuildFile; fileRef = 6994DFBE21F748BE00AB5169 /* placeholderColor.swift */; };
		6994DFCA21F74D6400AB5169 /* imageText.swift in Sources */ = {isa = PBXBuildFile; fileRef = 6994DFC921F74D6400AB5169 /* imageText.swift */; };
		6994DFCC21F74E0D00AB5169 /* default-model.swift in Sources */ = {isa = PBXBuildFile; fileRef = 6994DFCB21F74E0D00AB5169 /* default-model.swift */; };
		69BD7C1821F7293B009BE9F4 /* AppDelegate.swift in Sources */ = {isa = PBXBuildFile; fileRef = 69BD7C1721F7293B009BE9F4 /* AppDelegate.swift */; };
		69BD7C1A21F7293B009BE9F4 /* homeVC.swift in Sources */ = {isa = PBXBuildFile; fileRef = 69BD7C1921F7293B009BE9F4 /* homeVC.swift */; };
		69BD7C1D21F7293B009BE9F4 /* Main.storyboard in Resources */ = {isa = PBXBuildFile; fileRef = 69BD7C1B21F7293B009BE9F4 /* Main.storyboard */; };
		69BD7C1F21F7293D009BE9F4 /* Assets.xcassets in Resources */ = {isa = PBXBuildFile; fileRef = 69BD7C1E21F7293D009BE9F4 /* Assets.xcassets */; };
		69BD7C2221F7293D009BE9F4 /* LaunchScreen.storyboard in Resources */ = {isa = PBXBuildFile; fileRef = 69BD7C2021F7293D009BE9F4 /* LaunchScreen.storyboard */; };
		75864D3E221AD55F002B18FB /* default.realm in Resources */ = {isa = PBXBuildFile; fileRef = 75864D3D221AD55F002B18FB /* default.realm */; };
		758A8B13221C07370085B8A7 /* meueVC.swift in Sources */ = {isa = PBXBuildFile; fileRef = 758A8B12221C07370085B8A7 /* meueVC.swift */; };
		9D997331EBAE919F587FFFBA /* Pods_Almorshed.framework in Frameworks */ = {isa = PBXBuildFile; fileRef = 6C0BF60E26CE1B558CC18223 /* Pods_Almorshed.framework */; };
/* End PBXBuildFile section */

/* Begin PBXFileReference section */
		2697B9C796E587776A51282D /* Pods-Almorshed.debug.xcconfig */ = {isa = PBXFileReference; includeInIndex = 1; lastKnownFileType = text.xcconfig; name = "Pods-Almorshed.debug.xcconfig"; path = "Pods/Target Support Files/Pods-Almorshed/Pods-Almorshed.debug.xcconfig"; sourceTree = "<group>"; };
		6940792221FDF59B00AF41BF /* roundedButton.swift */ = {isa = PBXFileReference; lastKnownFileType = sourcecode.swift; path = roundedButton.swift; sourceTree = "<group>"; };
		6940792421FDF64700AF41BF /* howToSearchVC.swift */ = {isa = PBXFileReference; lastKnownFileType = sourcecode.swift; path = howToSearchVC.swift; sourceTree = "<group>"; };
		6940792621FDFCEC00AF41BF /* countetUsVC.swift */ = {isa = PBXFileReference; lastKnownFileType = sourcecode.swift; path = countetUsVC.swift; sourceTree = "<group>"; };
		6940792821FDFF8B00AF41BF /* API.swift */ = {isa = PBXFileReference; lastKnownFileType = sourcecode.swift; path = API.swift; sourceTree = "<group>"; };
		6940792A21FE03B900AF41BF /* sendMassageVC.swift */ = {isa = PBXFileReference; lastKnownFileType = sourcecode.swift; path = sendMassageVC.swift; sourceTree = "<group>"; };
		6940792C21FE0BEE00AF41BF /* electrincVC.swift */ = {isa = PBXFileReference; lastKnownFileType = sourcecode.swift; path = electrincVC.swift; sourceTree = "<group>"; };
		69633CDE21FDBB4E00C16A1A /* searchVC.swift */ = {isa = PBXFileReference; lastKnownFileType = sourcecode.swift; path = searchVC.swift; sourceTree = "<group>"; };
		69633CE021FDC10500C16A1A /* searchCell.swift */ = {isa = PBXFileReference; lastKnownFileType = sourcecode.swift; path = searchCell.swift; sourceTree = "<group>"; };
		6994DFB721F748BC00AB5169 /* RoundImage.swift */ = {isa = PBXFileReference; fileEncoding = 4; lastKnownFileType = sourcecode.swift; path = RoundImage.swift; sourceTree = "<group>"; };
		6994DFB821F748BD00AB5169 /* CollectionView.swift */ = {isa = PBXFileReference; fileEncoding = 4; lastKnownFileType = sourcecode.swift; path = CollectionView.swift; sourceTree = "<group>"; };
		6994DFBA21F748BD00AB5169 /* RoundeTextView.swift */ = {isa = PBXFileReference; fileEncoding = 4; lastKnownFileType = sourcecode.swift; path = RoundeTextView.swift; sourceTree = "<group>"; };
		6994DFBC21F748BD00AB5169 /* roundedview.swift */ = {isa = PBXFileReference; fileEncoding = 4; lastKnownFileType = sourcecode.swift; path = roundedview.swift; sourceTree = "<group>"; };
		6994DFBE21F748BE00AB5169 /* placeholderColor.swift */ = {isa = PBXFileReference; fileEncoding = 4; lastKnownFileType = sourcecode.swift; path = placeholderColor.swift; sourceTree = "<group>"; };
		6994DFC921F74D6400AB5169 /* imageText.swift */ = {isa = PBXFileReference; lastKnownFileType = sourcecode.swift; path = imageText.swift; sourceTree = "<group>"; };
		6994DFCB21F74E0D00AB5169 /* default-model.swift */ = {isa = PBXFileReference; fileEncoding = 4; lastKnownFileType = sourcecode.swift; path = "default-model.swift"; sourceTree = "<group>"; };
		69BD7C1421F7293B009BE9F4 /* Almorshed.app */ = {isa = PBXFileReference; explicitFileType = wrapper.application; includeInIndex = 0; path = Almorshed.app; sourceTree = BUILT_PRODUCTS_DIR; };
		69BD7C1721F7293B009BE9F4 /* AppDelegate.swift */ = {isa = PBXFileReference; lastKnownFileType = sourcecode.swift; path = AppDelegate.swift; sourceTree = "<group>"; };
		69BD7C1921F7293B009BE9F4 /* homeVC.swift */ = {isa = PBXFileReference; lastKnownFileType = sourcecode.swift; path = homeVC.swift; sourceTree = "<group>"; };
		69BD7C1C21F7293B009BE9F4 /* Base */ = {isa = PBXFileReference; lastKnownFileType = file.storyboard; name = Base; path = Base.lproj/Main.storyboard; sourceTree = "<group>"; };
		69BD7C1E21F7293D009BE9F4 /* Assets.xcassets */ = {isa = PBXFileReference; lastKnownFileType = folder.assetcatalog; path = Assets.xcassets; sourceTree = "<group>"; };
		69BD7C2121F7293D009BE9F4 /* Base */ = {isa = PBXFileReference; lastKnownFileType = file.storyboard; name = Base; path = Base.lproj/LaunchScreen.storyboard; sourceTree = "<group>"; };
		69BD7C2321F7293D009BE9F4 /* Info.plist */ = {isa = PBXFileReference; lastKnownFileType = text.plist.xml; path = Info.plist; sourceTree = "<group>"; };
		6C0BF60E26CE1B558CC18223 /* Pods_Almorshed.framework */ = {isa = PBXFileReference; explicitFileType = wrapper.framework; includeInIndex = 0; path = Pods_Almorshed.framework; sourceTree = BUILT_PRODUCTS_DIR; };
		746A10E53EF24185B90E678C /* Pods-Almorshed.release.xcconfig */ = {isa = PBXFileReference; includeInIndex = 1; lastKnownFileType = text.xcconfig; name = "Pods-Almorshed.release.xcconfig"; path = "Pods/Target Support Files/Pods-Almorshed/Pods-Almorshed.release.xcconfig"; sourceTree = "<group>"; };
		75864D3D221AD55F002B18FB /* default.realm */ = {isa = PBXFileReference; lastKnownFileType = file; path = default.realm; sourceTree = "<group>"; };
		758A8B12221C07370085B8A7 /* meueVC.swift */ = {isa = PBXFileReference; lastKnownFileType = sourcecode.swift; path = meueVC.swift; sourceTree = "<group>"; };
/* End PBXFileReference section */

/* Begin PBXFrameworksBuildPhase section */
		69BD7C1121F7293B009BE9F4 /* Frameworks */ = {
			isa = PBXFrameworksBuildPhase;
			buildActionMask = 2147483647;
			files = (
				9D997331EBAE919F587FFFBA /* Pods_Almorshed.framework in Frameworks */,
			);
			runOnlyForDeploymentPostprocessing = 0;
		};
/* End PBXFrameworksBuildPhase section */

/* Begin PBXGroup section */
		22B2E8FC5D794F63DACE2A48 /* Pods */ = {
			isa = PBXGroup;
			children = (
				2697B9C796E587776A51282D /* Pods-Almorshed.debug.xcconfig */,
				746A10E53EF24185B90E678C /* Pods-Almorshed.release.xcconfig */,
			);
			name = Pods;
			sourceTree = "<group>";
		};
		5FE169999608C7BD828C0566 /* Frameworks */ = {
			isa = PBXGroup;
			children = (
				6C0BF60E26CE1B558CC18223 /* Pods_Almorshed.framework */,
			);
			name = Frameworks;
			sourceTree = "<group>";
		};
		69BD7C0B21F7293B009BE9F4 = {
			isa = PBXGroup;
			children = (
				69BD7C1621F7293B009BE9F4 /* Almorshed */,
				69BD7C1521F7293B009BE9F4 /* Products */,
				22B2E8FC5D794F63DACE2A48 /* Pods */,
				5FE169999608C7BD828C0566 /* Frameworks */,
			);
			sourceTree = "<group>";
		};
		69BD7C1521F7293B009BE9F4 /* Products */ = {
			isa = PBXGroup;
			children = (
				69BD7C1421F7293B009BE9F4 /* Almorshed.app */,
			);
			name = Products;
			sourceTree = "<group>";
		};
		69BD7C1621F7293B009BE9F4 /* Almorshed */ = {
			isa = PBXGroup;
			children = (
				69BD7C4721F73F9D009BE9F4 /* Model */,
				69BD7C4621F739EC009BE9F4 /* Controller */,
				69BD7C2921F730BD009BE9F4 /* view */,
				69BD7C1721F7293B009BE9F4 /* AppDelegate.swift */,
				69BD7C1B21F7293B009BE9F4 /* Main.storyboard */,
				69BD7C1E21F7293D009BE9F4 /* Assets.xcassets */,
				69BD7C2021F7293D009BE9F4 /* LaunchScreen.storyboard */,
				69BD7C2321F7293D009BE9F4 /* Info.plist */,
				6940792821FDFF8B00AF41BF /* API.swift */,
				75864D3D221AD55F002B18FB /* default.realm */,
			);
			path = Almorshed;
			sourceTree = "<group>";
		};
		69BD7C2921F730BD009BE9F4 /* view */ = {
			isa = PBXGroup;
			children = (
				6994DFB821F748BD00AB5169 /* CollectionView.swift */,
				6994DFBE21F748BE00AB5169 /* placeholderColor.swift */,
				6994DFBC21F748BD00AB5169 /* roundedview.swift */,
				6994DFBA21F748BD00AB5169 /* RoundeTextView.swift */,
				6994DFB721F748BC00AB5169 /* RoundImage.swift */,
				6994DFC921F74D6400AB5169 /* imageText.swift */,
				6940792221FDF59B00AF41BF /* roundedButton.swift */,
			);
			path = view;
			sourceTree = "<group>";
		};
		69BD7C4621F739EC009BE9F4 /* Controller */ = {
			isa = PBXGroup;
			children = (
				69BD7C1921F7293B009BE9F4 /* homeVC.swift */,
				69633CDE21FDBB4E00C16A1A /* searchVC.swift */,
				6940792421FDF64700AF41BF /* howToSearchVC.swift */,
				6940792621FDFCEC00AF41BF /* countetUsVC.swift */,
				6940792A21FE03B900AF41BF /* sendMassageVC.swift */,
				6940792C21FE0BEE00AF41BF /* electrincVC.swift */,
				758A8B12221C07370085B8A7 /* meueVC.swift */,
			);
			path = Controller;
			sourceTree = "<group>";
		};
		69BD7C4721F73F9D009BE9F4 /* Model */ = {
			isa = PBXGroup;
			children = (
				6994DFCB21F74E0D00AB5169 /* default-model.swift */,
				69633CE021FDC10500C16A1A /* searchCell.swift */,
			);
			path = Model;
			sourceTree = "<group>";
		};
/* End PBXGroup section */

/* Begin PBXNativeTarget section */
		69BD7C1321F7293B009BE9F4 /* Almorshed */ = {
			isa = PBXNativeTarget;
			buildConfigurationList = 69BD7C2621F7293D009BE9F4 /* Build configuration list for PBXNativeTarget "Almorshed" */;
			buildPhases = (
				30445987151C31905AD617AE /* [CP] Check Pods Manifest.lock */,
				69BD7C1021F7293B009BE9F4 /* Sources */,
				69BD7C1121F7293B009BE9F4 /* Frameworks */,
				69BD7C1221F7293B009BE9F4 /* Resources */,
				DF14D69816A681CA8E21E737 /* [CP] Embed Pods Frameworks */,
			);
			buildRules = (
			);
			dependencies = (
			);
			name = Almorshed;
			productName = Almorshed;
			productReference = 69BD7C1421F7293B009BE9F4 /* Almorshed.app */;
			productType = "com.apple.product-type.application";
		};
/* End PBXNativeTarget section */

/* Begin PBXProject section */
		69BD7C0C21F7293B009BE9F4 /* Project object */ = {
			isa = PBXProject;
			attributes = {
				LastSwiftUpdateCheck = 1010;
				LastUpgradeCheck = 1010;
				ORGANIZATIONNAME = Bakers;
				TargetAttributes = {
					69BD7C1321F7293B009BE9F4 = {
						CreatedOnToolsVersion = 10.1;
					};
				};
			};
			buildConfigurationList = 69BD7C0F21F7293B009BE9F4 /* Build configuration list for PBXProject "Almorshed" */;
			compatibilityVersion = "Xcode 9.3";
			developmentRegion = en;
			hasScannedForEncodings = 0;
			knownRegions = (
				en,
				Base,
			);
			mainGroup = 69BD7C0B21F7293B009BE9F4;
			productRefGroup = 69BD7C1521F7293B009BE9F4 /* Products */;
			projectDirPath = "";
			projectRoot = "";
			targets = (
				69BD7C1321F7293B009BE9F4 /* Almorshed */,
			);
		};
/* End PBXProject section */

/* Begin PBXResourcesBuildPhase section */
		69BD7C1221F7293B009BE9F4 /* Resources */ = {
			isa = PBXResourcesBuildPhase;
			buildActionMask = 2147483647;
			files = (
				69BD7C2221F7293D009BE9F4 /* LaunchScreen.storyboard in Resources */,
				75864D3E221AD55F002B18FB /* default.realm in Resources */,
				69BD7C1F21F7293D009BE9F4 /* Assets.xcassets in Resources */,
				69BD7C1D21F7293B009BE9F4 /* Main.storyboard in Resources */,
			);
			runOnlyForDeploymentPostprocessing = 0;
		};
/* End PBXResourcesBuildPhase section */

/* Begin PBXShellScriptBuildPhase section */
		30445987151C31905AD617AE /* [CP] Check Pods Manifest.lock */ = {
			isa = PBXShellScriptBuildPhase;
			buildActionMask = 2147483647;
			files = (
			);
			inputPaths = (
				"${PODS_PODFILE_DIR_PATH}/Podfile.lock",
				"${PODS_ROOT}/Manifest.lock",
			);
			name = "[CP] Check Pods Manifest.lock";
			outputPaths = (
				"$(DERIVED_FILE_DIR)/Pods-Almorshed-checkManifestLockResult.txt",
			);
			runOnlyForDeploymentPostprocessing = 0;
			shellPath = /bin/sh;
			shellScript = "diff \"${PODS_PODFILE_DIR_PATH}/Podfile.lock\" \"${PODS_ROOT}/Manifest.lock\" > /dev/null\nif [ $? != 0 ] ; then\n    # print error to STDERR\n    echo \"error: The sandbox is not in sync with the Podfile.lock. Run 'pod install' or update your CocoaPods installation.\" >&2\n    exit 1\nfi\n# This output is used by Xcode 'outputs' to avoid re-running this script phase.\necho \"SUCCESS\" > \"${SCRIPT_OUTPUT_FILE_0}\"\n";
			showEnvVarsInLog = 0;
		};
		DF14D69816A681CA8E21E737 /* [CP] Embed Pods Frameworks */ = {
			isa = PBXShellScriptBuildPhase;
			buildActionMask = 2147483647;
			files = (
			);
			inputPaths = (
				"${SRCROOT}/Pods/Target Support Files/Pods-Almorshed/Pods-Almorshed-frameworks.sh",
				"${BUILT_PRODUCTS_DIR}/Alamofire/Alamofire.framework",
				"${BUILT_PRODUCTS_DIR}/IQKeyboardManagerSwift/IQKeyboardManagerSwift.framework",
				"${BUILT_PRODUCTS_DIR}/Kingfisher/Kingfisher.framework",
				"${BUILT_PRODUCTS_DIR}/NightNight/NightNight.framework",
				"${BUILT_PRODUCTS_DIR}/Realm/Realm.framework",
				"${BUILT_PRODUCTS_DIR}/RealmSwift/RealmSwift.framework",
				"${BUILT_PRODUCTS_DIR}/SwiftyJSON/SwiftyJSON.framework",
			);
			name = "[CP] Embed Pods Frameworks";
			outputPaths = (
				"${TARGET_BUILD_DIR}/${FRAMEWORKS_FOLDER_PATH}/Alamofire.framework",
				"${TARGET_BUILD_DIR}/${FRAMEWORKS_FOLDER_PATH}/IQKeyboardManagerSwift.framework",
				"${TARGET_BUILD_DIR}/${FRAMEWORKS_FOLDER_PATH}/Kingfisher.framework",
				"${TARGET_BUILD_DIR}/${FRAMEWORKS_FOLDER_PATH}/NightNight.framework",
				"${TARGET_BUILD_DIR}/${FRAMEWORKS_FOLDER_PATH}/Realm.framework",
				"${TARGET_BUILD_DIR}/${FRAMEWORKS_FOLDER_PATH}/RealmSwift.framework",
				"${TARGET_BUILD_DIR}/${FRAMEWORKS_FOLDER_PATH}/SwiftyJSON.framework",
			);
			runOnlyForDeploymentPostprocessing = 0;
			shellPath = /bin/sh;
			shellScript = "\"${SRCROOT}/Pods/Target Support Files/Pods-Almorshed/Pods-Almorshed-frameworks.sh\"\n";
			showEnvVarsInLog = 0;
		};
/* End PBXShellScriptBuildPhase section */

/* Begin PBXSourcesBuildPhase section */
		69BD7C1021F7293B009BE9F4 /* Sources */ = {
			isa = PBXSourcesBuildPhase;
			buildActionMask = 2147483647;
			files = (
				6994DFCC21F74E0D00AB5169 /* default-model.swift in Sources */,
				6994DFC521F748BE00AB5169 /* roundedview.swift in Sources */,
				6940792B21FE03B900AF41BF /* sendMassageVC.swift in Sources */,
				69BD7C1A21F7293B009BE9F4 /* homeVC.swift in Sources */,
				6940792721FDFCEC00AF41BF /* countetUsVC.swift in Sources */,
				6940792921FDFF8B00AF41BF /* API.swift in Sources */,
				6994DFCA21F74D6400AB5169 /* imageText.swift in Sources */,
				6994DFC021F748BE00AB5169 /* RoundImage.swift in Sources */,
				6994DFC121F748BE00AB5169 /* CollectionView.swift in Sources */,
				6940792521FDF64700AF41BF /* howToSearchVC.swift in Sources */,
				758A8B13221C07370085B8A7 /* meueVC.swift in Sources */,
				69633CE121FDC10500C16A1A /* searchCell.swift in Sources */,
				69633CDF21FDBB4E00C16A1A /* searchVC.swift in Sources */,
				6940792D21FE0BEE00AF41BF /* electrincVC.swift in Sources */,
				6994DFC321F748BE00AB5169 /* RoundeTextView.swift in Sources */,
				6994DFC721F748BE00AB5169 /* placeholderColor.swift in Sources */,
				69BD7C1821F7293B009BE9F4 /* AppDelegate.swift in Sources */,
				6940792321FDF59B00AF41BF /* roundedButton.swift in Sources */,
			);
			runOnlyForDeploymentPostprocessing = 0;
		};
/* End PBXSourcesBuildPhase section */

/* Begin PBXVariantGroup section */
		69BD7C1B21F7293B009BE9F4 /* Main.storyboard */ = {
			isa = PBXVariantGroup;
			children = (
				69BD7C1C21F7293B009BE9F4 /* Base */,
			);
			name = Main.storyboard;
			sourceTree = "<group>";
		};
		69BD7C2021F7293D009BE9F4 /* LaunchScreen.storyboard */ = {
			isa = PBXVariantGroup;
			children = (
				69BD7C2121F7293D009BE9F4 /* Base */,
			);
			name = LaunchScreen.storyboard;
			sourceTree = "<group>";
		};
/* End PBXVariantGroup section */

/* Begin XCBuildConfiguration section */
		69BD7C2421F7293D009BE9F4 /* Debug */ = {
			isa = XCBuildConfiguration;
			buildSettings = {
				ALWAYS_SEARCH_USER_PATHS = NO;
				CLANG_ANALYZER_NONNULL = YES;
				CLANG_ANALYZER_NUMBER_OBJECT_CONVERSION = YES_AGGRESSIVE;
				CLANG_CXX_LANGUAGE_STANDARD = "gnu++14";
				CLANG_CXX_LIBRARY = "libc++";
				CLANG_ENABLE_MODULES = YES;
				CLANG_ENABLE_OBJC_ARC = YES;
				CLANG_ENABLE_OBJC_WEAK = YES;
				CLANG_WARN_BLOCK_CAPTURE_AUTORELEASING = YES;
				CLANG_WARN_BOOL_CONVERSION = YES;
				CLANG_WARN_COMMA = YES;
				CLANG_WARN_CONSTANT_CONVERSION = YES;
				CLANG_WARN_DEPRECATED_OBJC_IMPLEMENTATIONS = YES;
				CLANG_WARN_DIRECT_OBJC_ISA_USAGE = YES_ERROR;
				CLANG_WARN_DOCUMENTATION_COMMENTS = YES;
				CLANG_WARN_EMPTY_BODY = YES;
				CLANG_WARN_ENUM_CONVERSION = YES;
				CLANG_WARN_INFINITE_RECURSION = YES;
				CLANG_WARN_INT_CONVERSION = YES;
				CLANG_WARN_NON_LITERAL_NULL_CONVERSION = YES;
				CLANG_WARN_OBJC_IMPLICIT_RETAIN_SELF = YES;
				CLANG_WARN_OBJC_LITERAL_CONVERSION = YES;
				CLANG_WARN_OBJC_ROOT_CLASS = YES_ERROR;
				CLANG_WARN_RANGE_LOOP_ANALYSIS = YES;
				CLANG_WARN_STRICT_PROTOTYPES = YES;
				CLANG_WARN_SUSPICIOUS_MOVE = YES;
				CLANG_WARN_UNGUARDED_AVAILABILITY = YES_AGGRESSIVE;
				CLANG_WARN_UNREACHABLE_CODE = YES;
				CLANG_WARN__DUPLICATE_METHOD_MATCH = YES;
				CODE_SIGN_IDENTITY = "iPhone Developer";
				COPY_PHASE_STRIP = NO;
				DEBUG_INFORMATION_FORMAT = dwarf;
				ENABLE_STRICT_OBJC_MSGSEND = YES;
				ENABLE_TESTABILITY = YES;
				GCC_C_LANGUAGE_STANDARD = gnu11;
				GCC_DYNAMIC_NO_PIC = NO;
				GCC_NO_COMMON_BLOCKS = YES;
				GCC_OPTIMIZATION_LEVEL = 0;
				GCC_PREPROCESSOR_DEFINITIONS = (
					"DEBUG=1",
					"$(inherited)",
				);
				GCC_WARN_64_TO_32_BIT_CONVERSION = YES;
				GCC_WARN_ABOUT_RETURN_TYPE = YES_ERROR;
				GCC_WARN_UNDECLARED_SELECTOR = YES;
				GCC_WARN_UNINITIALIZED_AUTOS = YES_AGGRESSIVE;
				GCC_WARN_UNUSED_FUNCTION = YES;
				GCC_WARN_UNUSED_VARIABLE = YES;
				IPHONEOS_DEPLOYMENT_TARGET = 12.1;
				MTL_ENABLE_DEBUG_INFO = INCLUDE_SOURCE;
				MTL_FAST_MATH = YES;
				ONLY_ACTIVE_ARCH = YES;
				SDKROOT = iphoneos;
				SWIFT_ACTIVE_COMPILATION_CONDITIONS = DEBUG;
				SWIFT_OPTIMIZATION_LEVEL = "-Onone";
			};
			name = Debug;
		};
		69BD7C2521F7293D009BE9F4 /* Release */ = {
			isa = XCBuildConfiguration;
			buildSettings = {
				ALWAYS_SEARCH_USER_PATHS = NO;
				CLANG_ANALYZER_NONNULL = YES;
				CLANG_ANALYZER_NUMBER_OBJECT_CONVERSION = YES_AGGRESSIVE;
				CLANG_CXX_LANGUAGE_STANDARD = "gnu++14";
				CLANG_CXX_LIBRARY = "libc++";
				CLANG_ENABLE_MODULES = YES;
				CLANG_ENABLE_OBJC_ARC = YES;
				CLANG_ENABLE_OBJC_WEAK = YES;
				CLANG_WARN_BLOCK_CAPTURE_AUTORELEASING = YES;
				CLANG_WARN_BOOL_CONVERSION = YES;
				CLANG_WARN_COMMA = YES;
				CLANG_WARN_CONSTANT_CONVERSION = YES;
				CLANG_WARN_DEPRECATED_OBJC_IMPLEMENTATIONS = YES;
				CLANG_WARN_DIRECT_OBJC_ISA_USAGE = YES_ERROR;
				CLANG_WARN_DOCUMENTATION_COMMENTS = YES;
				CLANG_WARN_EMPTY_BODY = YES;
				CLANG_WARN_ENUM_CONVERSION = YES;
				CLANG_WARN_INFINITE_RECURSION = YES;
				CLANG_WARN_INT_CONVERSION = YES;
				CLANG_WARN_NON_LITERAL_NULL_CONVERSION = YES;
				CLANG_WARN_OBJC_IMPLICIT_RETAIN_SELF = YES;
				CLANG_WARN_OBJC_LITERAL_CONVERSION = YES;
				CLANG_WARN_OBJC_ROOT_CLASS = YES_ERROR;
				CLANG_WARN_RANGE_LOOP_ANALYSIS = YES;
				CLANG_WARN_STRICT_PROTOTYPES = YES;
				CLANG_WARN_SUSPICIOUS_MOVE = YES;
				CLANG_WARN_UNGUARDED_AVAILABILITY = YES_AGGRESSIVE;
				CLANG_WARN_UNREACHABLE_CODE = YES;
				CLANG_WARN__DUPLICATE_METHOD_MATCH = YES;
				CODE_SIGN_IDENTITY = "iPhone Developer";
				COPY_PHASE_STRIP = NO;
				DEBUG_INFORMATION_FORMAT = "dwarf-with-dsym";
				ENABLE_NS_ASSERTIONS = NO;
				ENABLE_STRICT_OBJC_MSGSEND = YES;
				GCC_C_LANGUAGE_STANDARD = gnu11;
				GCC_NO_COMMON_BLOCKS = YES;
				GCC_WARN_64_TO_32_BIT_CONVERSION = YES;
				GCC_WARN_ABOUT_RETURN_TYPE = YES_ERROR;
				GCC_WARN_UNDECLARED_SELECTOR = YES;
				GCC_WARN_UNINITIALIZED_AUTOS = YES_AGGRESSIVE;
				GCC_WARN_UNUSED_FUNCTION = YES;
				GCC_WARN_UNUSED_VARIABLE = YES;
				IPHONEOS_DEPLOYMENT_TARGET = 12.1;
				MTL_ENABLE_DEBUG_INFO = NO;
				MTL_FAST_MATH = YES;
				SDKROOT = iphoneos;
				SWIFT_COMPILATION_MODE = wholemodule;
				SWIFT_OPTIMIZATION_LEVEL = "-O";
				VALIDATE_PRODUCT = YES;
			};
			name = Release;
		};
		69BD7C2721F7293D009BE9F4 /* Debug */ = {
			isa = XCBuildConfiguration;
			baseConfigurationReference = 2697B9C796E587776A51282D /* Pods-Almorshed.debug.xcconfig */;
			buildSettings = {
				ASSETCATALOG_COMPILER_APPICON_NAME = AppIcon;
				CODE_SIGN_IDENTITY = "iPhone Distribution";
				CODE_SIGN_STYLE = Manual;
				DEVELOPMENT_TEAM = 4Z34DQ34UQ;
				INFOPLIST_FILE = Almorshed/Info.plist;
				LD_RUNPATH_SEARCH_PATHS = (
					"$(inherited)",
					"@executable_path/Frameworks",
				);
				PRODUCT_BUNDLE_IDENTIFIER = com.Bakers.Almorshed;
				PRODUCT_NAME = "$(TARGET_NAME)";
				PROVISIONING_PROFILE_SPECIFIER = Almorshed;
				SWIFT_VERSION = 4.2;
				TARGETED_DEVICE_FAMILY = 1;
			};
			name = Debug;
		};
		69BD7C2821F7293D009BE9F4 /* Release */ = {
			isa = XCBuildConfiguration;
			baseConfigurationReference = 746A10E53EF24185B90E678C /* Pods-Almorshed.release.xcconfig */;
			buildSettings = {
				ASSETCATALOG_COMPILER_APPICON_NAME = AppIcon;
				CODE_SIGN_IDENTITY = "iPhone Distribution";
				CODE_SIGN_STYLE = Manual;
				DEVELOPMENT_TEAM = 4Z34DQ34UQ;
				INFOPLIST_FILE = Almorshed/Info.plist;
				LD_RUNPATH_SEARCH_PATHS = (
					"$(inherited)",
					"@executable_path/Frameworks",
				);
				PRODUCT_BUNDLE_IDENTIFIER = com.Bakers.Almorshed;
				PRODUCT_NAME = "$(TARGET_NAME)";
				PROVISIONING_PROFILE_SPECIFIER = Almorshed;
				SWIFT_VERSION = 4.2;
				TARGETED_DEVICE_FAMILY = 1;
			};
			name = Release;
		};
/* End XCBuildConfiguration section */

/* Begin XCConfigurationList section */
		69BD7C0F21F7293B009BE9F4 /* Build configuration list for PBXProject "Almorshed" */ = {
			isa = XCConfigurationList;
			buildConfigurations = (
				69BD7C2421F7293D009BE9F4 /* Debug */,
				69BD7C2521F7293D009BE9F4 /* Release */,
			);
			defaultConfigurationIsVisible = 0;
			defaultConfigurationName = Release;
		};
		69BD7C2621F7293D009BE9F4 /* Build configuration list for PBXNativeTarget "Almorshed" */ = {
			isa = XCConfigurationList;
			buildConfigurations = (
				69BD7C2721F7293D009BE9F4 /* Debug */,
				69BD7C2821F7293D009BE9F4 /* Release */,
			);
			defaultConfigurationIsVisible = 0;
			defaultConfigurationName = Release;
		};
/* End XCConfigurationList section */
	};
	rootObject = 69BD7C0C21F7293B009BE9F4 /* Project object */;
}
